
Microsoft Visual Studio Solution File, Format Version 12.00
# Visual Studio Version 16
VisualStudioVersion = 16.0.31321.278
MinimumVisualStudioVersion = 10.0.40219.1
Project("{FAE04EC0-301F-11D3-BF4B-00C04F79EFBC}") = "Exchanger", "Exchanger\Exchanger.csproj", "{5ABB228C-2667-4398-AA68-9EF2BD15C187}"
EndProject
Global
	GlobalSection(SolutionConfigurationPlatforms) = preSolution
		Debug|Any CPU = Debug|Any CPU
		Release|Any CPU = Release|Any CPU
	EndGlobalSection
	GlobalSection(ProjectConfigurationPlatforms) = postSolution
		{5ABB228C-2667-4398-AA68-9EF2BD15C187}.Debug|Any CPU.ActiveCfg = Debug|Any CPU
		{5ABB228C-2667-4398-AA68-9EF2BD15C187}.Debug|Any CPU.Build.0 = Debug|Any CPU
		{5ABB228C-2667-4398-AA68-9EF2BD15C187}.Release|Any CPU.ActiveCfg = Release|Any CPU
		{5ABB228C-2667-4398-AA68-9EF2BD15C187}.Release|Any CPU.Build.0 = Release|Any CPU
	EndGlobalSection
	GlobalSection(SolutionProperties) = preSolution
		HideSolutionNode = FALSE
	EndGlobalSection
	GlobalSection(ExtensibilityGlobals) = postSolution
		SolutionGuid = {DE6419D8-4B74-400B-8FDF-5A0309292FED}
	EndGlobalSection
EndGlobal
